
Microsoft Visual Studio Solution File, Format Version 11.00
# Visual Studio 2010
Project("{FAE04EC0-301F-11D3-BF4B-00C04F79EFBC}") = "Assembly-CSharp", "Assembly-CSharp.csproj", "{e93fe8ff-3e91-7f4c-e5ae-2c97dbb071b8}"
EndProject
Project("{FAE04EC0-301F-11D3-BF4B-00C04F79EFBC}") = "Assembly-CSharp-Editor", "Assembly-CSharp-Editor.csproj", "{bab450be-a88b-adb6-e497-8b373c0ebc2b}"
EndProject
Global
	GlobalSection(SolutionConfigurationPlatforms) = preSolution
		Debug|Any CPU = Debug|Any CPU
		Release|Any CPU = Release|Any CPU
	EndGlobalSection
	GlobalSection(ProjectConfigurationPlatforms) = postSolution
		{e93fe8ff-3e91-7f4c-e5ae-2c97dbb071b8}.Debug|Any CPU.ActiveCfg = Debug|Any CPU
		{e93fe8ff-3e91-7f4c-e5ae-2c97dbb071b8}.Debug|Any CPU.Build.0 = Debug|Any CPU
		{e93fe8ff-3e91-7f4c-e5ae-2c97dbb071b8}.Release|Any CPU.ActiveCfg = Release|Any CPU
		{e93fe8ff-3e91-7f4c-e5ae-2c97dbb071b8}.Release|Any CPU.Build.0 = Release|Any CPU
		{bab450be-a88b-adb6-e497-8b373c0ebc2b}.Debug|Any CPU.ActiveCfg = Debug|Any CPU
		{bab450be-a88b-adb6-e497-8b373c0ebc2b}.Debug|Any CPU.Build.0 = Debug|Any CPU
		{bab450be-a88b-adb6-e497-8b373c0ebc2b}.Release|Any CPU.ActiveCfg = Release|Any CPU
		{bab450be-a88b-adb6-e497-8b373c0ebc2b}.Release|Any CPU.Build.0 = Release|Any CPU
	EndGlobalSection
	GlobalSection(SolutionProperties) = preSolution
		HideSolutionNode = FALSE
	EndGlobalSection
EndGlobal
